filelock==4.0.9 \
    --hash=sha256:635e7d67fa92654eed444e75e9ca18426d34e77ad9c469bf4373f75a932f7b22 \
    --hash=sha256:9287fd61b99a806e5202be29a83034c0808a1b9830e820537c2f5773981f7eeb
    # via
    #   torch
    #   triton
fsspec==2026.9.0 \
    --hash=sha256:0f08147951c8cb31d844c3547d631053b127863b60be04cf06e121333ee0e2fe \
    --hash=sha256:8dd6e646e99ea382bd85f97a45e6b526a442d79423a7dc673f1e2756d05fcb5f
    # via torch
iniconfig==2.3.0 \
    --hash=sha256:c76315c77db068650d49c5b56314774a7804df16fee4402c1f19d6d15d8c4730 \
    --hash=sha256:f631c04d2c48c52b84d0d0549c99ff3859c98df65b3101406327ecc7d53fbf12
    # via pytest
jinja2==3.1.6 \
    --hash=sha256:0137fb05990d35f1275a587e9aee6d56da821fc83491a0fb838183be43f66d6d \
    --hash=sha256:85ece4451f492d0c13c5dd7c13a64681a86afae63a5f347908daf103ce6d2f67
    # via torch
markupsafe==3.0.3 \
    --hash=sha256:0303439a41979d9e74d18ff5e2dd8c43ed6c6001fd40e5bf2e43f7bd9bbc523f \
    --hash=sha256:068f375c472b3e7acbe2d5318dea141359e6900156b5b2ba06a30b169086b91a \
    --hash=sha256:0bf2a864d67e76e5c9a34dc26ec616a66b9888e25e7b9460e1c76d3293bd9dbf \
    --hash=sha256:0db14f5dafddbb6d9208827849fad01f1a2609380add406671a26386cdf15a19 \
    --hash=sha256:0eb9ff8191e8498cca014656ae6b8d61f39da5f95b488805da4bb029cccbfbaf \
    --hash=sha256:0f4b68347f8c5eab4a13419215bdfd7f8c9b19f2b25520968adfad23eb0ce60c \
    --hash=sha256:1085e7fbddd3be5f89cc898938f42c0b3c711fdcb37d75221de2666af647c175 \
    --hash=sha256:116bb52f642a37c115f517494ea5feb03889e04df47eeff5b130b1808ce7c219 \
    --hash=sha256:12c63dfb4a98206f045aa9563db46507995f7ef6d83b2f68eda65c307c6829eb \
    --hash=sha256:133a43e73a802c5562be9bbcd03d090aa5a1fe899db609c29e8c8d815c5f6de6 \
    --hash=sha256:1353ef0c1b138e1907ae78e2f6c63ff67501122006b0f9abad68fda5f4ffc6ab \
    --hash=sha256:15d939a21d546304880945ca1ecb8a039db6b4dc49b2c5a400387cdae6a62e26 \
    --hash=sha256:177b5253b2834fe3678cb4a5f0059808258584c559193998be2601324fdeafb1 \
    --hash=sha256:1872df69a4de6aead3491198eaf13810b565bdbeec3ae2dc8780f14458ec73ce \
    --hash=sha256:1b4b79e8ebf6b55351f0d91fe80f893b4743f104bff22e90697db1590e47a218 \
    --hash=sha256:1b52b4fb9df4eb9ae465f8d0c228a00624de2334f216f178a995ccdcf82c4634 \
    --hash=sha256:1ba88449deb3de88bd40044603fafffb7bc2b055d626a330323a9ed736661695 \
    --hash=sha256:1cc7ea17a6824959616c525620e387f6dd30fec8cb44f649e31712db02123dad \
    --hash=sha256:218551f6df4868a8d527e3062d0fb968682fe92054e89978594c28e642c43a73 \
    --hash=sha256:26a5784ded40c9e318cfc2bdb30fe164bdb8665ded9cd64d500a34fb42067b1c \
    --hash=sha256:2713baf880df847f2bece4230d4d094280f4e67b1e813eec43b4c0e144a34ffe \
    --hash=sha256:2a15a08b17dd94c53a1da0438822d70ebcd13f8c3a95abe3a9ef9f11a94830aa \
    --hash=sha256:2f981d352f04553a7171b8e44369f2af4055f888dfb147d55e42d29e29e74559 \
    --hash=sha256:32001d6a8fc98c8cb5c947787c5d08b0a50663d139f1305bac5885d98d9b40fa \
    --hash=sha256:3524b778fe5cfb3452a09d31e7b5adefeea8c5be1d43c4f810ba09f2ceb29d37 \
    --hash=sha256:3537e01efc9d4dccdf77221fb1cb3b8e1a38d5428920e0657ce299b20324d758 \
    --hash=sha256:35add3b638a5d900e807944a078b51922212fb3dedb01633a8defc4b01a3c85f \
    --hash=sha256:38664109c14ffc9e7437e86b4dceb442b0096dfe3541d7864d9cbe1da4cf36c8 \
    --hash=sha256:3a7e8ae81ae39e62a41ec302f972ba6ae23a5c5396c8e60113e9066ef893da0d \
    --hash=sha256:3b562dd9e9ea93f13d53989d23a7e775fdfd1066c33494ff43f5418bc8c58a5c \
    --hash=sha256:457a69a9577064c05a97c41f4e65148652db078a3a509039e64d3467b9e7ef97 \
    --hash=sha256:4bd4cd07944443f5a265608cc6aab442e4f74dff8088b0dfc8238647b8f6ae9a \
    --hash=sha256:4e885a3d1efa2eadc93c894a21770e4bc67899e3543680313b09f139e149ab19 \
    --hash=sha256:4faffd047e07c38848ce017e8725090413cd80cbc23d86e55c587bf979e579c9 \
    --hash=sha256:509fa21c6deb7a7a273d629cf5ec029bc209d1a51178615ddf718f5918992ab9 \
    --hash=sha256:5678211cb9333a6468fb8d8be0305520aa073f50d17f089b5b4b477ea6e67fdc \
    --hash=sha256:591ae9f2a647529ca990bc681daebdd52c8791ff06c2bfa05b65163e28102ef2 \
    --hash=sha256:5a7d5dc5140555cf21a6fefbdbf8723f06fcd2f63ef108f2854de715e4422cb4 \
    --hash=sha256:69c0b73548bc525c8cb9a251cddf1931d1db4d2258e9599c28c07ef3580ef354 \
    --hash=sha256:6b5420a1d9450023228968e7e6a9ce57f65d148ab56d2313fcd589eee96a7a50 \
    --hash=sha256:722695808f4b6457b320fdc131280796bdceb04ab50fe1795cd540799ebe1698 \
    --hash=sha256:729586769a26dbceff69f7a7dbbf59ab6572b99d94576a5592625d5b411576b9 \
    --hash=sha256:77f0643abe7495da77fb436f50f8dab76dbc6e5fd25d39589a0f1fe6548bfa2b \
    --hash=sha256:795e7751525cae078558e679d646ae45574b47ed6e7771863fcc079a6171a0fc \
    --hash=sha256:7be7b61bb172e1ed687f1754f8e7484f1c8019780f6f6b0786e76bb01c2ae115 \
    --hash=sha256:7c3fb7d25180895632e5d3148dbdc29ea38ccb7fd210aa27acbd1201a1902c6e \
    --hash=sha256:7e68f88e5b8799aa49c85cd116c932a1ac15caaa3f5db09087854d218359e485 \
    --hash=sha256:83891d0e9fb81a825d9a6d61e3f07550ca70a076484292a70fde82c4b807286f \
    --hash=sha256:8485f406a96febb5140bfeca44a73e3ce5116b2501ac54fe953e488fb1d03b12 \
    --hash=sha256:8709b08f4a89aa7586de0aadc8da56180242ee0ada3999749b183aa23df95025 \
    --hash=sha256:8f71bc33915be5186016f675cd83a1e08523649b0e33efdb898db577ef5bb009 \
    --hash=sha256:915c04ba3851909ce68ccc2b8e2cd691618c4dc4c4232fb7982bca3f41fd8c3d \
    --hash=sha256:949b8d66bc381ee8b007cd945914c721d9aba8e27f71959d750a46f7c282b20b \
    --hash=sha256:94c6f0bb423f739146aec64595853541634bde58b2135f27f61c1ffd1cd4d16a \
    --hash=sha256:9a1abfdc021a164803f4d485104931fb8f8c1efd55bc6b748d2f5774e78b62c5 \
    --hash=sha256:9b79b7a16f7fedff2495d684f2b59b0457c3b493778c9eed31111be64d58279f \
    --hash=sha256:a320721ab5a1aba0a233739394eb907f8c8da5c98c9181d1161e77a0c8e36f2d \
    --hash=sha256:a4afe79fb3de0b7097d81da19090f4df4f8d3a2b3adaa8764138aac2e44f3af1 \
    --hash=sha256:ad2cf8aa28b8c020ab2fc8287b0f823d0a7d8630784c31e9ee5edea20f406287 \
    --hash=sha256:b8512a91625c9b3da6f127803b166b629725e68af71f8184ae7e7d54686a56d6 \
    --hash=sha256:bc51efed119bc9cfdf792cdeaa4d67e8f6fcccab66ed4bfdd6bde3e59bfcbb2f \
    --hash=sha256:bdc919ead48f234740ad807933cdf545180bfbe9342c2bb451556db2ed958581 \
    --hash=sha256:bdd37121970bfd8be76c5fb069c7751683bdf373db1ed6c010162b2a130248ed \
    --hash=sha256:be8813b57049a7dc738189df53d69395eba14fb99345e0a5994914a3864c8a4b \
    --hash=sha256:c0c0b3ade1c0b13b936d7970b1d37a57acde9199dc2aecc4c336773e1d86049c \
    --hash=sha256:c47a551199eb8eb2121d4f0f15ae0f923d31350ab9280078d1e5f12b249e0026 \
    --hash=sha256:c4ffb7ebf07cfe8931028e3e4c85f0357459a3f9f9490886198848f4fa002ec8 \
    --hash=sha256:ccfcd093f13f0f0b7fdd0f198b90053bf7b2f02a3927a30e63f3ccc9df56b676 \
    --hash=sha256:d2ee202e79d8ed691ceebae8e0486bd9a2cd4794cec4824e1c99b6f5009502f6 \
    --hash=sha256:d53197da72cc091b024dd97249dfc7794d6a56530370992a5e1a08983ad9230e \
    --hash=sha256:d6dd0be5b5b189d31db7cda48b91d7e0a9795f31430b7f271219ab30f1d3ac9d \
    --hash=sha256:d88b440e37a16e651bda4c7c2b930eb586fd15ca7406cb39e211fcff3bf3017d \
    --hash=sha256:de8a88e63464af587c950061a5e6a67d3632e36df62b986892331d4620a35c01 \
    --hash=sha256:df2449253ef108a379b8b5d6b43f4b1a8e81a061d6537becd5582fba5f9196d7 \
    --hash=sha256:e1c1493fb6e50ab01d20a22826e57520f1284df32f2d8601fdd90b6304601419 \
    --hash=sha256:e1cf1972137e83c5d4c136c43ced9ac51d0e124706ee1c8aa8532c1287fa8795 \
    --hash=sha256:e2103a929dfa2fcaf9bb4e7c091983a49c9ac3b19c9061b6d5427dd7d14d81a1 \
    --hash=sha256:e56b7d45a839a697b5eb268c82a71bd8c7f6c94d6fd50c3d577fa39a9f1409f5 \
    --hash=sha256:e8afc3f2ccfa24215f8cb28dcf43f0113ac3c37c2f0f0806d8c70e4228c5cf4d \
    --hash=sha256:e8fc20152abba6b83724d7ff268c249fa196d8259ff481f3b1476383f8f24e42 \
    --hash=sha256:eaa9599de571d72e2daf60164784109f19978b327a3910d3e9de8c97b5b70cfe \
    --hash=sha256:ec15a59cf5af7be74194f7ab02d0f59a62bdcf1a537677ce67a2537c9b87fcda \
    --hash=sha256:f190daf01f13c72eac4efd5c430a8de82489d9cff23c364c3ea822545032993e \
    --hash=sha256:f34c41761022dd093b4b6896d4810782ffbabe30f2d443ff5f083e0cbbb8c737 \
    --hash=sha256:f3e98bb3798ead92273dc0e5fd0f31ade220f59a266ffd8a4f6065e0a3ce0523 \
    --hash=sha256:f42d0984e947b8adf7dd6dde396e720934d12c506ce84eea8476409563607591 \
    --hash=sha256:f71a396b3bf33ecaa1626c255855702aca4d3d9fea5e051b41ac59a9c1c41edc \
    --hash=sha256:f9e130248f4462aaa8e2552d547f36ddadbeaa573879158d721bbd33dfe4743a \
    --hash=sha256:fed51ac40f757d41b7c48425901843666a6677e3e8eb0abcff09e4ba6e664f50
    # via jinja2
mpmath==1.3.0 \
    --hash=sha256:7a28eb2a9774d00c7bc92411c19a89209d5da7c4c9a9e227be8330a23a25b91f \
    --hash=sha256:a0b2b9fe80bbcd81a6647ff13108738cfb482d481d826cc0e02f5b35e5c88d2c
    # via sympy
networkx==3.6.1 \
    --hash=sha256:26b7c357accc0c8cde558ad486283728b65b6a95d85ee1cd66bafab4c8168509 \
    --hash=sha256:d47fbf302e7d9cbbb9e2555a0d267983d2aa476bac30e90dfbe5669bd57f3762
    # via torch
numpy==1.26.4 \
    --hash=sha256:03a8c78d01d9781b28a6989f6fa1bb2c4f2d51201cf99d3dd875df6fbd96b23b \
    --hash=sha256:08beddf13648eb95f8d867350f6a018a4be2e5ad54c8d8caed89ebca558b2818 \
    --hash=sha256:1af303d6b2210eb850fcf03064d364652b7120803a0b872f5211f5234b399f20 \
    --hash=sha256:1dda2e7b4ec9dd512f84935c5f126c8bd8b9f2fc001e9f54af255e8c5f16b0e0 \
    --hash=sha256:2a02aba9ed12e4ac4eb3ea9421c420301a0c6460d9830d74a9df87efa4912010 \
    --hash=sha256:2e4ee3380d6de9c9ec04745830fd9e2eccb3e6cf790d39d7b98ffd19b0dd754a \
    --hash=sha256:3373d5d70a5fe74a2c1bb6d2cfd9609ecf686d47a2d7b1d37a8f3b6bf6003aea \
    --hash=sha256:47711010ad8555514b434df65f7d7b076bb8261df1ca9bb78f53d3b2db02e95c \
    --hash=sha256:4c66707fabe114439db9068ee468c26bbdf909cac0fb58686a42a24de1760c71 \
    --hash=sha256:50193e430acfc1346175fcbdaa28ffec49947a06918b7b92130744e81e640110 \
    --hash=sha256:52b8b60467cd7dd1e9ed082188b4e6bb35aa5cdd01777621a1658910745b90be \
    --hash=sha256:60dedbb91afcbfdc9bc0b1f3f402804070deed7392c23eb7a7f07fa857868e8a \
    --hash=sha256:62b8e4b1e28009ef2846b4c7852046736bab361f7aeadeb6a5b89ebec3c7055a \
    --hash=sha256:666dbfb6ec68962c033a450943ded891bed2d54e6755e35e5835d63f4f6931d5 \
    --hash=sha256:675d61ffbfa78604709862923189bad94014bef562cc35cf61d3a07bba02a7ed \
    --hash=sha256:679b0076f67ecc0138fd2ede3a8fd196dddc2ad3254069bcb9faf9a79b1cebcd \
    --hash=sha256:7349ab0fa0c429c82442a27a9673fc802ffdb7c7775fad780226cb234965e53c \
    --hash=sha256:7ab55401287bfec946ced39700c053796e7cc0e3acbef09993a9ad2adba6ca6e \
    --hash=sha256:7e50d0a0cc3189f9cb0aeb3a6a6af18c16f59f004b866cd2be1c14b36134a4a0 \
    --hash=sha256:95a7476c59002f2f6c590b9b7b998306fba6a5aa646b1e22ddfeaf8f78c3a29c \
    --hash=sha256:96ff0b2ad353d8f990b63294c8986f1ec3cb19d749234014f4e7eb0112ceba5a \
    --hash=sha256:9fad7dcb1aac3c7f0584a5a8133e3a43eeb2fe127f47e3632d43d677c66c102b \
    --hash=sha256:9ff0f4f29c51e2803569d7a51c2304de5554655a60c5d776e35b4a41413830d0 \
    --hash=sha256:a354325ee03388678242a4d7ebcd08b5c727033fcff3b2f536aea978e15ee9e6 \
    --hash=sha256:a4abb4f9001ad2858e7ac189089c42178fcce737e4169dc61321660f1a96c7d2 \
    --hash=sha256:ab47dbe5cc8210f55aa58e4805fe224dac469cde56b9f731a4c098b91917159a \
    --hash=sha256:afedb719a9dcfc7eaf2287b839d8198e06dcd4cb5d276a3df279231138e83d30 \
    --hash=sha256:b3ce300f3644fb06443ee2222c2201dd3a89ea6040541412b8fa189341847218 \
    --hash=sha256:b97fe8060236edf3662adfc2c633f56a08ae30560c56310562cb4f95500022d5 \
    --hash=sha256:bfe25acf8b437eb2a8b2d49d443800a5f18508cd811fea3181723922a8a82b07 \
    --hash=sha256:cd25bcecc4974d09257ffcd1f098ee778f7834c3ad767fe5db785be9a4aa9cb2 \
    --hash=sha256:d209d8969599b27ad20994c8e41936ee0964e6da07478d6c35016bc386b66ad4 \
    --hash=sha256:d5241e0a80d808d70546c697135da2c613f30e28251ff8307eb72ba696945764 \
    --hash=sha256:edd8b5fe47dab091176d21bb6de568acdd906d1887a4584a15a9a96a1dca06ef \
    --hash=sha256:f870204a840a60da0b12273ef34f7051e98c3b5961b61b0c2c1be6dfd64fbcd3 \
    --hash=sha256:ffa75af20b44f8dba823498024771d5ac50620e6915abac414251bd971b4529f
    # via
    #   -r requirements-gpu.txt
    #   opencv-python-headless
    #   pywavelets
    #   scipy
nvidia-cublas-cu12==12.1.3.1 \
    --hash=sha256:2b964d60e8cf11b5e1073d179d85fa340c120e99b3067558f3cf98dd69d02906 \
    --hash=sha256:ee53ccca76a6fc08fb9701aa95b6ceb242cdaab118c3bb152af4e579af792728
    # via
    #   nvidia-cudnn-cu12
    #   nvidia-cusolver-cu12
    #   torch
nvidia-cuda-cupti-cu12==12.1.105 \
    --hash=sha256:bea8236d13a0ac7190bd2919c3e8e6ce1e402104276e6f9694479e48bb0eb2a4 \
    --hash=sha256:e54fde3983165c624cb79254ae9818a456eb6e87a7fd4d56a2352c24ee542d7e
    # via torch
nvidia-cuda-nvrtc-cu12==12.1.105 \
    --hash=sha256:0a98a522d9ff138b96c010a65e145dc1b4850e9ecb75a0172371793752fd46ed \
    --hash=sha256:339b385f50c309763ca65456ec75e17bbefcbbf2893f462cb8b90584cd27a1c2
    # via torch
nvidia-cuda-runtime-cu12==12.1.105 \
    --hash=sha256:6e258468ddf5796e25f1dc591a31029fa317d97a0a94ed93468fc86301d61e40 \
    --hash=sha256:dfb46ef84d73fababab44cf03e3b83f80700d27ca300e537f85f636fac474344
    # via torch
nvidia-cudnn-cu12==8.9.2.26 \
    --hash=sha256:5ccb288774fdfb07a7e7025ffec286971c06d8d7b4fb162525334616d7629ff9
    # via torch
nvidia-cufft-cu12==11.0.2.54 \
    --hash=sha256:794e3948a1aa71fd817c3775866943936774d1c14e7628c74f6f7417224cdf56 \
    --hash=sha256:d9ac353f78ff89951da4af698f80870b1534ed69993f10a4cf1d96f21357e253
    # via torch
nvidia-curand-cu12==10.3.2.106 \
    --hash=sha256:75b6b0c574c0037839121317e17fd01f8a69fd2ef8e25853d826fec30bdba74a \
    --hash=sha256:9d264c5036dde4e64f1de8c50ae753237c12e0b1348738169cd0f8a536c0e1e0
    # via torch
nvidia-cusolver-cu12==11.4.5.107 \
    --hash=sha256:74e0c3a24c78612192a74fcd90dd117f1cf21dea4822e66d89e8ea80e3cd2da5 \
    --hash=sha256:8a7ec542f0412294b15072fa7dab71d31334014a69f953004ea7a118206fe0dd
    # via torch
nvidia-cusparse-cu12==12.1.0.106 \
    --hash=sha256:b798237e81b9719373e8fae8d4f091b70a0cf09d9d85c95a557e11df2d8e9a5a \
    --hash=sha256:f3b50f42cf363f86ab21f720998517a659a48131e8d538dc02f8768237bd884c
    # via
    #   nvidia-cusolver-cu12
    #   torch
nvidia-nccl-cu12==2.18.1 \
    --hash=sha256:1a6c4acefcbebfa6de320f412bf7866de856e786e0462326ba1bac40de0b5e71
    # via torch
nvidia-nvjitlink-cu12==12.9.86 \
    --hash=sha256:994a05ef08ef4b0b299829cde613a424382aff7efb08a7172c1fa616cc3af2ca \
    --hash=sha256:cc6fcec260ca843c10e34c936921a1c426b351753587fdd638e8cff7b16bb9db \
    --hash=sha256:e3f1171dbdc83c5932a45f0f4c99180a70de9bd2718c1ab77d14104f6d7147f9
    # via
    #   nvidia-cusolver-cu12
    #   nvidia-cusparse-cu12
nvidia-nvtx-cu12==12.1.105 \
    --hash=sha256:65f4d98982b31b60026e0e6de73fbdfc09d08a96f4656dd3665ca616a11e1e82 \
    --hash=sha256:dc21cf308ca5691e7c04d962e213f8a4aa9bbfa23d95412f452254c2caeb09e5
    # via torch
opencv-python-headless==4.11.0.86 \
    --hash=sha256:0e0a27c19dd1f40ddff94976cfe43066fbbe9dfbb2ec1907d66c19caef42a57b \
    --hash=sha256:48128188ade4a7e517237c8e1e11a9cdf5c282761473383e77beb875bb1e61ca \
    --hash=sha256:6c304df9caa7a6a5710b91709dd4786bf20a74d57672b3c31f7033cc638174ca \
    --hash=sha256:6efabcaa9df731f29e5ea9051776715b1bdd1845d7c9530065c7951d2a2899eb \
    --hash=sha256:996eb282ca4b43ec6a3972414de0e2331f5d9cda2b41091a49739c19fb843798 \
    --hash=sha256:a66c1b286a9de872c343ee7c3553b084244299714ebb50fbdcd76f07ebbe6c81 \
    --hash=sha256:f447d8acbb0b6f2808da71fddd29c1cdd448d2bc98f72d9bb78a7a898fc9621b
    # via -r requirements-gpu.txt
packaging==26.3 \
    --hash=sha256:94edc256424af38762eb31306eed28beb9f0efc50a8837492c9d6fd6004aed79 \
    --hash=sha256:d7193f7c8e4e93f444fde0262bf90af30e16fa0ad0ad44cb553c87339b23cd1c
    # via pytest
pluggy==1.6.0 \
    --hash=sha256:7dcc130b76258d33b90f61b658791dede3486c3e6bfb003ee5c9bfb396dd22f3 \
    --hash=sha256:e920276dd6813095e9377c0bc5566d94c932c33b27a3e3945d8389c374dd4746
    # via pytest
pygments==2.21.0 \
    --hash=sha256:2363c69b61c4a97c838da3b130dcd6468f4848992b21a82f2a63ec34377137d9 \
    --hash=sha256:610ca751c9bc2492b38eb9a38a7fbc93edbbb2d7182edaf34e66ae493dee5c8c
    # via pytest
pytest==8.4.2 \
    --hash=sha256:86c0d0b93306b961d58d62a4db4879f27fe25513d4b969df351abdddb3c30e01 \
    --hash=sha256:872f880de3fc3a5bdc88a11b39c9710c3497a547cfa9320bc3c5e62fbf272e79
    # via -r requirements-dev.txt
pywavelets==1.9.0 \
    --hash=sha256:07b26526db2476974581274c43a9c2447c917418c6bd03c8d305ad2a5cd9fac3 \
    --hash=sha256:08076eb9a182ddc6054ac86868fb71df6267c341635036dc63d20bdbacd9ad7e \
    --hash=sha256:097f157e07858a1eb370e0d9c1bd11185acdece5cca10756d6c3c7b35b52771a \
    --hash=sha256:0d70da9d7858c869e24dc254f16a61dc09d8a224cad85a10c393b2eccddeb126 \
    --hash=sha256:0d8ed4b4d1eab9347e8fe0c5b45008ce5a67225ce5b05766b8b1fa923a5f8b34 \
    --hash=sha256:144d4fc15c98da56654d0dca2d391b812b8d04127b194a37ad4a497f8e887141 \
    --hash=sha256:148d12203377772bea452a59211d98649c8ee4a05eff019a9021853a36babdc8 \
    --hash=sha256:1aa3729585408a979d655736f74b995b511c86b9be1544f95d4a3142f8f4b8b5 \
    --hash=sha256:20e97b84a263003e2c7348bcf72beba96edda1a6169f072dc4e4d4ee3a6c7368 \
    --hash=sha256:30baa0788317d3c938560c83fe4fc43817342d06e6c9662a440f73ba3fb25c9b \
    --hash=sha256:3226b6f62838a6ccd7782cb7449ee5d8b9d61999506c1d9b03b2baf41b01b6fd \
    --hash=sha256:3747ec804492436de6e99a7b6130480e53406d047e87dc7095ab40078a515a23 \
    --hash=sha256:3830e6657236b53a3aae20c735cccead942bb97c54bbca9e7d07bae01645fe9c \
    --hash=sha256:3b6ff6ba4f625d8c955f68c2c39b0a913776d406ab31ee4057f34ad4019fb33b \
    --hash=sha256:47d52cf35e2afded8cfe1133663f6f67106a3220b77645476ae660ad34922cb4 \
    --hash=sha256:4dc85f44c38d76a184a1aa2cb038f802c3740428c9bb877525f4be83a223b134 \
    --hash=sha256:4ee1ee7d80f88c64b8ec3b5021dd1e94545cc97f0cd479fb51aa7b10f6def08e \
    --hash=sha256:5163665686219c3f43fd5bbfef2391e87146813961dad0f86c62d4aed561f547 \
    --hash=sha256:53043d2f3f4e55a576f51ac594fe33181e1d096d958e01524db5070eb3825306 \
    --hash=sha256:54662cce4d56f0d6beaa6ebd34b2960f3aa4a43c83c9098a24729e9dc20a4be2 \
    --hash=sha256:56bc36b42b1b125fd9cb56e7956b22f8d0f83c1093f49c77fc042135e588c799 \
    --hash=sha256:573b650805d2f3c981a0e5ae95191c781a722022c37a0f6eba3fa7eae8e0ee17 \
    --hash=sha256:74f8455c143818e4b026fc67b27fd82f38e522701b94b8a6d1aaf3a45fcc1a25 \
    --hash=sha256:7acf6f950c6deaecd210fbff44421f234a8ca81eb6f4da945228e498361afa9d \
    --hash=sha256:7e57792bde40e331d6cc65458e5970fd814dba18cfc4e9add9d051e901a7b7c7 \
    --hash=sha256:80b8ab99f5326a3e724f71f23ba8b0a5b03e333fa79f66e965ea7bed21d42a2f \
    --hash=sha256:81bb65facfbd7b50dec50450516e72cdc51376ecfdd46f2e945bb89d39bfb783 \
    --hash=sha256:862be65481fdfecfd84c6b0ca132ba571c12697a082068921bca5b5e039f1371 \
    --hash=sha256:8aeffd4f35036c1fade972a61454de5709a7a8fc9a7d177eefe3ac34d76962e5 \
    --hash=sha256:92bfb8a117b8c8d3b72f2757a85395346fcbf37f50598880879ae72bd8e1c4b9 \
    --hash=sha256:969e369899e7eab546ea5d77074e4125082e6f9dad71966499bf5dee3758be55 \
    --hash=sha256:9902d9fc9812588ab2dce359a1307d8e7f002b53a835640e2c9388fe62a82fd4 \
    --hash=sha256:9950eb7c8b942e9bfa53d87c7e45a420dcddbd835c4c5f1aca045a3f775c6113 \
    --hash=sha256:9e7d60819d87dcd6c68a2d1bc1d37deb1f4d96607799ab6a25633ea484dcda41 \
    --hash=sha256:9fb7f4b11d18e2db6dd8deee7b3ce8343d45f195f3f278c2af6e3724b1b93a24 \
    --hash=sha256:a63bcb6b5759a7eb187aeb5e8cd316b7adab7de1f4b5a0446c9a6bcebdfc22fb \
    --hash=sha256:aa859d0b686a697c87a47e29319aebe44125f114a4f8c7e444832b921f52de5a \
    --hash=sha256:ae10ed46c139c7ddb8b1249cfe0989f8ccb610d93f2899507b1b1573a0e424b5 \
    --hash=sha256:b47c72fb4b76d665c4c598a5b621b505944e5b761bf03df9d169029aafcb652f \
    --hash=sha256:c50320fe0a4a23ddd8835b3dc9b53b09ee05c7cc6c56b81d0916f04fc1649070 \
    --hash=sha256:c8f8b1cc2df012401cb837ee6fa2f59607c7b4fe0ff409d9a4f6906daf40dc86 \
    --hash=sha256:d6e059265223ed659e5214ab52a84883c88ddf3decbf08d7ec6abb8e4c5ed7be \
    --hash=sha256:d76b7fa8fc500b09201d689b4f15bf5887e30ffbe2e1f338eb8470590eb4521a \
    --hash=sha256:db43969c7a8fbb17693ecfd14f21616edc3b29f0e47a49b32fa4127c01312a67 \
    --hash=sha256:df7436a728339696a7aa955c020ae65c85b0d9d2b5ff5b4cf4551f5d4c50f2c7 \
    --hash=sha256:e0e24ad6b8eb399c49606dd1fcdcbf9749ad7f6d638be3fe6f59c1f3098821e2 \
    --hash=sha256:ed10959a17df294ef55948dcc76367d59ec7b6aad67e38dd4e313d2fe3ad47b2 \
    --hash=sha256:f63f400fcd4e7007529bd06a5886009760da35cd7e76bb6adb5a5fbee4ffeb8c \
    --hash=sha256:f8330cdbfa506000e63e79525716df888998a76414c5cd6ecd9a7e371191fb05
    # via -r requirements-gpu.txt
ruff==0.15.7 \
    --hash=sha256:04f1ae61fc20fe0b148617c324d9d009b5f63412c0b16474f3d5f1a1a665f7ac \
    --hash=sha256:112c1fa316a558bb34319282c1200a8bf0495f1b735aeb78bfcb2991e6087580 \
    --hash=sha256:1852ce241d2bc89e5dc823e03cff4ce73d816b5c6cdadd27dbfe7b03217d2a12 \
    --hash=sha256:18e8d73f1c3fdf27931497972250340f92e8c861722161a9caeb89a58ead6ed2 \
    --hash=sha256:1b4705e0e85cedc74b0a23cf6a179dbb3df184cb227761979cc76c0440b5ab0d \
    --hash=sha256:4806d8e09ef5e84eb19ba833d0442f7e300b23fe3f0981cae159a248a10f0036 \
    --hash=sha256:4d53d712ddebcd7dace1bc395367aec12c057aacfe9adbb6d832302575f4d3a1 \
    --hash=sha256:5f3e4b221fb4bd293f79912fc5e93a9063ebd6d0dcbd528f91b89172a9b8436c \
    --hash=sha256:6b39329b60eba44156d138275323cc726bbfbddcec3063da57caa8a8b1d50adf \
    --hash=sha256:6d39e2d3505b082323352f733599f28169d12e891f7dd407f2d4f54b4c2886de \
    --hash=sha256:722d165bd52403f3bdabc0ce9e41fc47070ac56d7a91b4e0d097b516a53a3477 \
    --hash=sha256:7fbc2448094262552146cbe1b9643a92f66559d3761f1ad0656d4991491af49e \
    --hash=sha256:87768c151808505f2bfc93ae44e5f9e7c8518943e5074f76ac21558ef5627c85 \
    --hash=sha256:a81cc5b6910fb7dfc7c32d20652e50fa05963f6e13ead3c5915c41ac5d16668e \
    --hash=sha256:b15e48602c9c1d9bdc504b472e90b90c97dc7d46c7028011ae67f3861ceba7b4 \
    --hash=sha256:dce0896488562f09a27b9c91b1f58a097457143931f3c4d519690dea54e624c5 \
    --hash=sha256:e0d19644f801849229db8345180a71bee5407b429dd217f853ec515e968a6912 \
    --hash=sha256:fb0511670002c6c529ec66c0e30641c976c8963de26a113f3a30456b702468b0
    # via -r requirements-dev.txt
scipy==1.17.1 \
    --hash=sha256:010f4333c96c9bb1a4516269e33cb5917b08ef2166d5556ca2fd9f082a9e6ea0 \
    --hash=sha256:02ae3b274fde71c5e92ac4d54bc06c42d80e399fec704383dcd99b301df37458 \
    --hash=sha256:08b900519463543aa604a06bec02461558a6e1cef8fdbb8098f77a48a83c8118 \
    --hash=sha256:131f5aaea57602008f9822e2115029b55d4b5f7c070287699fe45c661d051e39 \
    --hash=sha256:158dd96d2207e21c966063e1635b1063cd7787b627b6f07305315dd73d9c679e \
    --hash=sha256:1cc682cea2ae55524432f3cdff9e9a3be743d52a7443d0cba9017c23c87ae2f6 \
    --hash=sha256:1f95b894f13729334fb990162e911c9e5dc1ab390c58aa6cbecb389c5b5e28ec \
    --hash=sha256:200e1050faffacc162be6a486a984a0497866ec54149a01270adc8a59b7c7d21 \
    --hash=sha256:2040ad4d1795a0ae89bfc7e8429677f365d45aa9fd5e4587cf1ea737f927b4a1 \
    --hash=sha256:2b64ca7d4aee0102a97f3ba22124052b4bd2152522355073580bf4845e2550b6 \
    --hash=sha256:2ceb2d3e01c5f1d83c4189737a42d9cb2fc38a6eeed225e7515eef71ad301dce \
    --hash=sha256:35c3a56d2ef83efc372eaec584314bd0ef2e2f0d2adb21c55e6ad5b344c0dcb8 \
    --hash=sha256:37425bc9175607b0268f493d79a292c39f9d001a357bebb6b88fdfaff13f6448 \
    --hash=sha256:3877ac408e14da24a6196de0ddcace62092bfc12a83823e92e49e40747e52c19 \
    --hash=sha256:3fd1fcdab3ea951b610dc4cef356d416d5802991e7e32b5254828d342f7b7e0b \
    --hash=sha256:41b71f4a3a4cab9d366cd9065b288efc4d4f3c0b37a91a8e0947fb5bd7f31d87 \
    --hash=sha256:43af8d1f3bea642559019edfe64e9b11192a8978efbd1539d7bc2aaa23d92de4 \
    --hash=sha256:45abad819184f07240d8a696117a7aacd39787af9e0b719d00285549ed19a1e9 \
    --hash=sha256:4b400bdc6f79fa02a4d86640310dde87a21fba0c979efff5248908c6f15fad1b \
    --hash=sha256:4eb6c25dd62ee8d5edf68a8e1c171dd71c292fdae95d8aeb3dd7d7de4c364082 \
    --hash=sha256:581b2264fc0aa555f3f435a5944da7504ea3a065d7029ad60e7c3d1ae09c5464 \
    --hash=sha256:5cf36e801231b6a2059bf354720274b7558746f3b1a4efb43fcf557ccd484a87 \
    --hash=sha256:5e3c5c011904115f88a39308379c17f91546f77c1667cea98739fe0fccea804c \
    --hash=sha256:6609bc224e9568f65064cfa72edc0f24ee6655b47575954ec6339534b2798369 \
    --hash=sha256:6e3dcd57ab780c741fde8dc68619de988b966db759a3c3152e8e9142c26295ad \
    --hash=sha256:6fac755ca3d2c3edcb22f479fceaa241704111414831ddd3bc6056e18516892f \
    --hash=sha256:744b2bf3640d907b79f3fd7874efe432d1cf171ee721243e350f55234b4cec4c \
    --hash=sha256:74cbb80d93260fe2ffa334efa24cb8f2f0f622a9b9febf8b483c0b865bfb3475 \
    --hash=sha256:766e0dc5a616d026a3a1cffa379af959671729083882f50307e18175797b3dfd \
    --hash=sha256:7bdf2da170b67fdf10bca777614b1c7d96ae3ca5794fd9587dce41eb2966e866 \
    --hash=sha256:7ff200bf9d24f2e4d5dc6ee8c3ac64d739d3a89e2326ba68aaf6c4a2b838fd7d \
    --hash=sha256:844e165636711ef41f80b4103ed234181646b98a53c8f05da12ca5ca289134f6 \
    --hash=sha256:8a604bae87c6195d8b1045eddece0514d041604b14f2727bbc2b3020172045eb \
    --hash=sha256:94055a11dfebe37c656e70317e1996dc197e1a15bbcc351bcdd4610e128fe1ca \
    --hash=sha256:95d8e012d8cb8816c226aef832200b1d45109ed4464303e997c5b13122b297c0 \
    --hash=sha256:9cdc1a2fcfd5c52cfb3045feb399f7b3ce822abdde3a193a6b9a60b3cb5854ca \
    --hash=sha256:9ecb4efb1cd6e8c4afea0daa91a87fbddbce1b99d2895d151596716c0b2e859d \
    --hash=sha256:a3472cfbca0a54177d0faa68f697d8ba4c80bbdc19908c3465556d9f7efce9ee \
    --hash=sha256:a4328d245944d09fd639771de275701ccadf5f781ba0ff092ad141e017eccda4 \
    --hash=sha256:a48a72c77a310327f6a3a920092fa2b8fd03d7deaa60f093038f22d98e096717 \
    --hash=sha256:a720477885a9d2411f94a93d16f9d89bad0f28ca23c3f8daa521e2dcc3f44d49 \
    --hash=sha256:a77cbd07b940d326d39a1d1b37817e2ee4d79cb30e7338f3d0cddffae70fcaa2 \
    --hash=sha256:a9956e4d4f4a301ebf6cde39850333a6b6110799d470dbbb1e25326ac447f52a \
    --hash=sha256:adb2642e060a6549c343603a3851ba76ef0b74cc8c079a9a58121c7ec9fe2350 \
    --hash=sha256:beeda3d4ae615106d7094f7e7cef6218392e4465cc95d25f900bebabfded0950 \
    --hash=sha256:c80be5ede8f3f8eded4eff73cc99a25c388ce98e555b17d31da05287015ffa5b \
    --hash=sha256:cc90d2e9c7e5c7f1a482c9875007c095c3194b1cfedca3c2f3291cdc2bc7c086 \
    --hash=sha256:cd96a1898c0a47be4520327e01f874acfd61fb48a9420f8aa9f6483412ffa444 \
    --hash=sha256:d2650c1fb97e184d12d8ba010493ee7b322864f7d3d00d3f9bb97d9c21de4068 \
    --hash=sha256:d30e57c72013c2a4fe441c2fcb8e77b14e152ad48b5464858e07e2ad9fbfceff \
    --hash=sha256:d59c30000a16d8edc7e64152e30220bfbd724c9bbb08368c054e24c651314f0a \
    --hash=sha256:dbc12c9f3d185f5c737d801da555fb74b3dcfa1a50b66a1a93e09190f41fab50 \
    --hash=sha256:e18f12c6b0bc5a592ed23d3f7b891f68fd7f8241d69b7883769eb5d5dfb52696 \
    --hash=sha256:e19ebea31758fac5893a2ac360fedd00116cbb7628e650842a6691ba7ca28a21 \
    --hash=sha256:e30bdeaa5deed6bc27b4cc490823cd0347d7dae09119b8803ae576ea0ce52e4c \
    --hash=sha256:eb092099205ef62cd1782b006658db09e2fed75bffcae7cc0d44052d8aa0f484 \
    --hash=sha256:eee2cfda04c00a857206a4330f0c5e3e56535494e30ca445eb19ec624ae75118 \
    --hash=sha256:f4115102802df98b2b0db3cce5cb9b92572633a1197c77b7553e5203f284a5b3 \
    --hash=sha256:f590cd684941912d10becc07325a3eeb77886fe981415660d9265c4c418d0bea \
    --hash=sha256:f8885db0bc2bffa59d5c1b72fad7a6a92d3e80e7257f967dd81abb553a90d293 \
    --hash=sha256:fcb310ddb270a06114bb64bbe53c94926b943f5b7f0842194d585c65eb4edd76
    # via -r requirements-gpu.txt
setuptools==80.10.2 \
    --hash=sha256:8b0e9d10c784bf7d262c4e5ec5d4ec94127ce206e8738f29a437945fbc219b70 \
    --hash=sha256:95b30ddfb717250edb492926c92b5221f7ef3fbcc2b07579bcd4a27da21d0173
    # via -r requirements-gpu.txt
six==1.17.0 \
    --hash=sha256:4721f391ed90541fddacab5acf947aa0d3dc7d27b2e1e8eda2be8970586c3274 \
    --hash=sha256:ff70335d468e7eb6ec65b95b99d3a2836546063f63acc5171de367e834932a81
    # via -r requirements-gpu.txt
sympy==1.14.0 \
    --hash=sha256:d3d3fe8df1e5a0b42f0e7bdf50541697dbe7d23746e894990c030e2b05e72517 \
    --hash=sha256:e091cc3e99d2141a0ba2847328f5479b05d94a6635cb96148ccb3f34671bd8f5
    # via torch
torch==2.1.2 \
    --hash=sha256:05b18594f60a911a0c4f023f38a8bda77131fba5fd741bda626e97dcf5a3dd0a \
    --hash=sha256:0e13034fd5fb323cbbc29e56d0637a3791e50dd589616f40c79adfa36a5a35a1 \
    --hash=sha256:255b50bc0608db177e6a3cc118961d77de7e5105f07816585fa6f191f33a9ff3 \
    --hash=sha256:33d59cd03cb60106857f6c26b36457793637512998666ee3ce17311f217afe2b \
    --hash=sha256:3a871edd6c02dae77ad810335c0833391c1a4ce49af21ea8cf0f6a5d2096eea8 \
    --hash=sha256:6984cd5057c0c977b3c9757254e989d3f1124f4ce9d07caa6cb637783c71d42a \
    --hash=sha256:76d37967c31c99548ad2c4d3f2cf191db48476f2e69b35a0937137116da356a1 \
    --hash=sha256:8e221deccd0def6c2badff6be403e0c53491805ed9915e2c029adbcdb87ab6b5 \
    --hash=sha256:8f32ce591616a30304f37a7d5ea80b69ca9e1b94bba7f308184bf616fdaea155 \
    --hash=sha256:9ca96253b761e9aaf8e06fb30a66ee301aecbf15bb5a303097de1969077620b6 \
    --hash=sha256:a6ebbe517097ef289cc7952783588c72de071d4b15ce0f8b285093f0916b1162 \
    --hash=sha256:bc195d7927feabc0eb7c110e457c955ed2ab616f3c7c28439dd4188cf589699f \
    --hash=sha256:bef6996c27d8f6e92ea4e13a772d89611da0e103b48790de78131e308cf73076 \
    --hash=sha256:d93ba70f67b08c2ae5598ee711cbc546a1bc8102cef938904b8c85c2089a51a0 \
    --hash=sha256:d9b535cad0df3d13997dbe8bd68ac33e0e3ae5377639c9881948e40794a61403 \
    --hash=sha256:e0ee6cf90c8970e05760f898d58f9ac65821c37ffe8b04269ec787aa70962b69 \
    --hash=sha256:e2d83f07b4aac983453ea5bf8f9aa9dacf2278a8d31247f5d9037f37befc60e4 \
    --hash=sha256:e3225f47d50bb66f756fe9196a768055d1c26b02154eb1f770ce47a2578d3aa7 \
    --hash=sha256:f41fe0c7ecbf903a568c73486139a75cfab287a0f6c17ed0698fdea7a1e8641d \
    --hash=sha256:f9a55d55af02826ebfbadf4e9b682f0f27766bc33df8236b48d28d705587868f
    # via -r requirements-gpu.txt
triton==2.1.0 \
    --hash=sha256:143582ca31dd89cd982bd3bf53666bab1c7527d41e185f9e3d8a3051ce1b663b \
    --hash=sha256:21544e522c02005a626c8ad63d39bdff2f31d41069592919ef281e964ed26446 \
    --hash=sha256:39f6fb6bdccb3e98f3152e3fbea724f1aeae7d749412bbb1fa9c441d474eba26 \
    --hash=sha256:66439923a30d5d48399b08a9eae10370f6c261a5ec864a64983bae63152d39d7 \
    --hash=sha256:81a96d110a738ff63339fc892ded095b31bd0d205e3aace262af8400d40b6fa8 \
    --hash=sha256:82fc5aeeedf6e36be4e4530cbdcba81a09d65c18e02f52dc298696d45721f3bd \
    --hash=sha256:919b06453f0033ea52c13eaf7833de0e57db3178d23d4e04f9fc71c4f2c32bf8 \
    --hash=sha256:ae4bb8a91de790e1866405211c4d618379781188f40d5c4c399766914e84cd94
    # via torch
typing-extensions==4.16.0 \
    --hash=sha256:481caa481374e813c1b176ada14e97f1f67a4539ce9cfeb3f350d78d6370c2e8 \
    --hash=sha256:dc983d19a509c94dba722ee6abd33940f7c05a89e243c47e907eb4db6f1a43e5
    # via torch
